<Solution>
  <Folder Name="/src/" />
  <Folder Name="/src/Host/">
    <Project Path="src/Host/ExamPlatform.Api/ExamPlatform.Api.csproj" />
  </Folder>
  <Folder Name="/src/Modules/" />
  <Folder Name="/src/Modules/Admin/">
    <Project Path="src/Modules/Admin/ExamPlatform.Modules.Admin.Application/ExamPlatform.Modules.Admin.Application.csproj" />
    <Project Path="src/Modules/Admin/ExamPlatform.Modules.Admin.Contracts/ExamPlatform.Modules.Admin.Contracts.csproj" />
    <Project Path="src/Modules/Admin/ExamPlatform.Modules.Admin.Domain/ExamPlatform.Modules.Admin.Domain.csproj" />
    <Project Path="src/Modules/Admin/ExamPlatform.Modules.Admin.Endpoints/ExamPlatform.Modules.Admin.Endpoints.csproj" />
    <Project Path="src/Modules/Admin/ExamPlatform.Modules.Admin.Infrastructure/ExamPlatform.Modules.Admin.Infrastructure.csproj" />
  </Folder>
  <Folder Name="/src/Modules/Consent/">
    <Project Path="src/Modules/Consent/ExamPlatform.Modules.Consent.Application/ExamPlatform.Modules.Consent.Application.csproj" />
    <Project Path="src/Modules/Consent/ExamPlatform.Modules.Consent.Contracts/ExamPlatform.Modules.Consent.Contracts.csproj" />
    <Project Path="src/Modules/Consent/ExamPlatform.Modules.Consent.Domain/ExamPlatform.Modules.Consent.Domain.csproj" />
    <Project Path="src/Modules/Consent/ExamPlatform.Modules.Consent.Endpoints/ExamPlatform.Modules.Consent.Endpoints.csproj" />
    <Project Path="src/Modules/Consent/ExamPlatform.Modules.Consent.Infrastructure/ExamPlatform.Modules.Consent.Infrastructure.csproj" />
  </Folder>
  <Folder Name="/src/Modules/Identity/">
    <Project Path="src/Modules/Identity/ExamPlatform.Modules.Identity.Application/ExamPlatform.Modules.Identity.Application.csproj" />
    <Project Path="src/Modules/Identity/ExamPlatform.Modules.Identity.Domain/ExamPlatform.Modules.Identity.Domain.csproj" />
    <Project Path="src/Modules/Identity/ExamPlatform.Modules.Identity.Endpoints/ExamPlatform.Modules.Identity.Endpoints.csproj" />
    <Project Path="src/Modules/Identity/ExamPlatform.Modules.Identity.Infrastructure/ExamPlatform.Modules.Identity.Infrastructure.csproj" />
  </Folder>
  <Folder Name="/src/Modules/ExamAuthoring/">
    <Project Path="src/Modules/ExamAuthoring/ExamPlatform.Modules.ExamAuthoring.Application/ExamPlatform.Modules.ExamAuthoring.Application.csproj" />
    <Project Path="src/Modules/ExamAuthoring/ExamPlatform.Modules.ExamAuthoring.Contracts/ExamPlatform.Modules.ExamAuthoring.Contracts.csproj" />
    <Project Path="src/Modules/ExamAuthoring/ExamPlatform.Modules.ExamAuthoring.Domain/ExamPlatform.Modules.ExamAuthoring.Domain.csproj" />
    <Project Path="src/Modules/ExamAuthoring/ExamPlatform.Modules.ExamAuthoring.Endpoints/ExamPlatform.Modules.ExamAuthoring.Endpoints.csproj" />
    <Project Path="src/Modules/ExamAuthoring/ExamPlatform.Modules.ExamAuthoring.Infrastructure/ExamPlatform.Modules.ExamAuthoring.Infrastructure.csproj" />
  </Folder>
  <Folder Name="/src/Modules/Batch/">
    <Project Path="src/Modules/Batch/ExamPlatform.Modules.Batch.Application/ExamPlatform.Modules.Batch.Application.csproj" />
    <Project Path="src/Modules/Batch/ExamPlatform.Modules.Batch.Domain/ExamPlatform.Modules.Batch.Domain.csproj" />
    <Project Path="src/Modules/Batch/ExamPlatform.Modules.Batch.Endpoints/ExamPlatform.Modules.Batch.Endpoints.csproj" />
    <Project Path="src/Modules/Batch/ExamPlatform.Modules.Batch.Infrastructure/ExamPlatform.Modules.Batch.Infrastructure.csproj" />
  </Folder>
  <Folder Name="/src/Modules/Invite/">
    <Project Path="src/Modules/Invite/ExamPlatform.Modules.Invite.Application/ExamPlatform.Modules.Invite.Application.csproj" />
    <Project Path="src/Modules/Invite/ExamPlatform.Modules.Invite.Contracts/ExamPlatform.Modules.Invite.Contracts.csproj" />
    <Project Path="src/Modules/Invite/ExamPlatform.Modules.Invite.Domain/ExamPlatform.Modules.Invite.Domain.csproj" />
    <Project Path="src/Modules/Invite/ExamPlatform.Modules.Invite.Endpoints/ExamPlatform.Modules.Invite.Endpoints.csproj" />
    <Project Path="src/Modules/Invite/ExamPlatform.Modules.Invite.Infrastructure/ExamPlatform.Modules.Invite.Infrastructure.csproj" />
  </Folder>
  <Folder Name="/src/Modules/ExamRuntime/">
    <Project Path="src/Modules/ExamRuntime/ExamPlatform.Modules.ExamRuntime.Application/ExamPlatform.Modules.ExamRuntime.Application.csproj" />
    <Project Path="src/Modules/ExamRuntime/ExamPlatform.Modules.ExamRuntime.Domain/ExamPlatform.Modules.ExamRuntime.Domain.csproj" />
    <Project Path="src/Modules/ExamRuntime/ExamPlatform.Modules.ExamRuntime.Endpoints/ExamPlatform.Modules.ExamRuntime.Endpoints.csproj" />
    <Project Path="src/Modules/ExamRuntime/ExamPlatform.Modules.ExamRuntime.Infrastructure/ExamPlatform.Modules.ExamRuntime.Infrastructure.csproj" />
  </Folder>
  <Folder Name="/src/Modules/Guardian/">
    <Project Path="src/Modules/Guardian/ExamPlatform.Modules.Guardian.Application/ExamPlatform.Modules.Guardian.Application.csproj" />
    <Project Path="src/Modules/Guardian/ExamPlatform.Modules.Guardian.Domain/ExamPlatform.Modules.Guardian.Domain.csproj" />
    <Project Path="src/Modules/Guardian/ExamPlatform.Modules.Guardian.Endpoints/ExamPlatform.Modules.Guardian.Endpoints.csproj" />
    <Project Path="src/Modules/Guardian/ExamPlatform.Modules.Guardian.Infrastructure/ExamPlatform.Modules.Guardian.Infrastructure.csproj" />
  </Folder>
  <Folder Name="/src/Modules/QuestionBank/">
    <Project Path="src/Modules/QuestionBank/ExamPlatform.Modules.QuestionBank.Application/ExamPlatform.Modules.QuestionBank.Application.csproj" />
    <Project Path="src/Modules/QuestionBank/ExamPlatform.Modules.QuestionBank.Contracts/ExamPlatform.Modules.QuestionBank.Contracts.csproj" />
    <Project Path="src/Modules/QuestionBank/ExamPlatform.Modules.QuestionBank.Domain/ExamPlatform.Modules.QuestionBank.Domain.csproj" />
    <Project Path="src/Modules/QuestionBank/ExamPlatform.Modules.QuestionBank.Endpoints/ExamPlatform.Modules.QuestionBank.Endpoints.csproj" />
    <Project Path="src/Modules/QuestionBank/ExamPlatform.Modules.QuestionBank.Infrastructure/ExamPlatform.Modules.QuestionBank.Infrastructure.csproj" />
  </Folder>
  <Folder Name="/src/SharedKernel/">
    <Project Path="src/SharedKernel/ExamPlatform.SharedKernel.Application/ExamPlatform.SharedKernel.Application.csproj" />
    <Project Path="src/SharedKernel/ExamPlatform.SharedKernel.Domain/ExamPlatform.SharedKernel.Domain.csproj" />
    <Project Path="src/SharedKernel/ExamPlatform.SharedKernel.Infrastructure/ExamPlatform.SharedKernel.Infrastructure.csproj" />
  </Folder>
  <Folder Name="/tests/">
    <Project Path="tests/ExamPlatform.ArchitectureTests/ExamPlatform.ArchitectureTests.csproj" />
    <Project Path="tests/ExamPlatform.IntegrationTests/ExamPlatform.IntegrationTests.csproj" />
  </Folder>
  <Folder Name="/tests/Modules/QuestionBank/">
    <Project Path="tests/Modules/QuestionBank/ExamPlatform.Modules.QuestionBank.UnitTests/ExamPlatform.Modules.QuestionBank.UnitTests.csproj" />
  </Folder>
  <Folder Name="/tests/SharedKernel/">
    <Project Path="tests/SharedKernel/ExamPlatform.SharedKernel.UnitTests/ExamPlatform.SharedKernel.UnitTests.csproj" />
  </Folder>
  <Folder Name="/tests/Modules/" />
  <Folder Name="/tests/Modules/Admin/">
    <Project Path="tests/Modules/Admin/ExamPlatform.Modules.Admin.UnitTests/ExamPlatform.Modules.Admin.UnitTests.csproj" />
  </Folder>
  <Folder Name="/tests/Modules/Consent/">
    <Project Path="tests/Modules/Consent/ExamPlatform.Modules.Consent.UnitTests/ExamPlatform.Modules.Consent.UnitTests.csproj" />
  </Folder>
  <Folder Name="/tests/Modules/Identity/">
    <Project Path="tests/Modules/Identity/ExamPlatform.Modules.Identity.UnitTests/ExamPlatform.Modules.Identity.UnitTests.csproj" />
  </Folder>
  <Folder Name="/tests/Modules/ExamAuthoring/">
    <Project Path="tests/Modules/ExamAuthoring/ExamPlatform.Modules.ExamAuthoring.UnitTests/ExamPlatform.Modules.ExamAuthoring.UnitTests.csproj" />
  </Folder>
  <Folder Name="/tests/Modules/Batch/">
    <Project Path="tests/Modules/Batch/ExamPlatform.Modules.Batch.UnitTests/ExamPlatform.Modules.Batch.UnitTests.csproj" />
  </Folder>
  <Folder Name="/tests/Modules/Invite/">
    <Project Path="tests/Modules/Invite/ExamPlatform.Modules.Invite.UnitTests/ExamPlatform.Modules.Invite.UnitTests.csproj" />
  </Folder>
  <Folder Name="/tests/Modules/ExamRuntime/">
    <Project Path="tests/Modules/ExamRuntime/ExamPlatform.Modules.ExamRuntime.UnitTests/ExamPlatform.Modules.ExamRuntime.UnitTests.csproj" />
  </Folder>
  <Folder Name="/tests/Modules/Guardian/">
    <Project Path="tests/Modules/Guardian/ExamPlatform.Modules.Guardian.UnitTests/ExamPlatform.Modules.Guardian.UnitTests.csproj" />
  </Folder>
</Solution>
